
Microsoft Visual Studio Solution File, Format Version 12.00
# Visual Studio Version 16
VisualStudioVersion = 25.0.1706.10
MinimumVisualStudioVersion = 10.0.40219.1
Project("{FAE04EC0-301F-11D3-BF4B-00C04F79EFBC}") = "SyApiTestProject", "SyApiTestProject\SyApiTestProject.csproj", "{4172D6C3-BD3B-430A-9ADF-DA7684A11032}"
EndProject
Global
	GlobalSection(SolutionConfigurationPlatforms) = preSolution
		Debug|Any CPU = Debug|Any CPU
		Release|Any CPU = Release|Any CPU
	EndGlobalSection
	GlobalSection(ProjectConfigurationPlatforms) = postSolution
		{4172D6C3-BD3B-430A-9ADF-DA7684A11032}.Debug|Any CPU.ActiveCfg = Debug|Any CPU
		{4172D6C3-BD3B-430A-9ADF-DA7684A11032}.Debug|Any CPU.Build.0 = Debug|Any CPU
		{4172D6C3-BD3B-430A-9ADF-DA7684A11032}.Release|Any CPU.ActiveCfg = Release|Any CPU
		{4172D6C3-BD3B-430A-9ADF-DA7684A11032}.Release|Any CPU.Build.0 = Release|Any CPU
	EndGlobalSection
	GlobalSection(SolutionProperties) = preSolution
		HideSolutionNode = FALSE
	EndGlobalSection
	GlobalSection(ExtensibilityGlobals) = postSolution
		SolutionGuid = {41BA4A9F-1916-4C65-A83F-03F104BA03E6}
	EndGlobalSection
EndGlobal
